
Microsoft Visual Studio Solution File, Format Version 12.00
# Visual Studio Version 17
VisualStudioVersion = 17.2.32526.322
MinimumVisualStudioVersion = 10.0.40219.1
Project("{9A19103F-16F7-4668-BE54-9A1E7A4F7556}") = "AFS.WebApp", "AFS.WebApp\AFS.WebApp.csproj", "{8815810A-1DF2-4594-AC6A-3BF0957AFEF9}"
EndProject
Project("{FAE04EC0-301F-11D3-BF4B-00C04F79EFBC}") = "AFS.Data", "AFS.Data\AFS.Data.csproj", "{AF61AF48-7BA4-4688-B243-2A6AE68F3613}"
EndProject
Project("{FAE04EC0-301F-11D3-BF4B-00C04F79EFBC}") = "AFS.Service", "AFS.Service\AFS.Service.csproj", "{49D798FB-02C8-4F49-A9D5-8AF555166C0C}"
EndProject
Global
	GlobalSection(SolutionConfigurationPlatforms) = preSolution
		Debug|Any CPU = Debug|Any CPU
		Release|Any CPU = Release|Any CPU
	EndGlobalSection
	GlobalSection(ProjectConfigurationPlatforms) = postSolution
		{8815810A-1DF2-4594-AC6A-3BF0957AFEF9}.Debug|Any CPU.ActiveCfg = Debug|Any CPU
		{8815810A-1DF2-4594-AC6A-3BF0957AFEF9}.Debug|Any CPU.Build.0 = Debug|Any CPU
		{8815810A-1DF2-4594-AC6A-3BF0957AFEF9}.Release|Any CPU.ActiveCfg = Release|Any CPU
		{8815810A-1DF2-4594-AC6A-3BF0957AFEF9}.Release|Any CPU.Build.0 = Release|Any CPU
		{AF61AF48-7BA4-4688-B243-2A6AE68F3613}.Debug|Any CPU.ActiveCfg = Debug|Any CPU
		{AF61AF48-7BA4-4688-B243-2A6AE68F3613}.Debug|Any CPU.Build.0 = Debug|Any CPU
		{AF61AF48-7BA4-4688-B243-2A6AE68F3613}.Release|Any CPU.ActiveCfg = Release|Any CPU
		{AF61AF48-7BA4-4688-B243-2A6AE68F3613}.Release|Any CPU.Build.0 = Release|Any CPU
		{49D798FB-02C8-4F49-A9D5-8AF555166C0C}.Debug|Any CPU.ActiveCfg = Debug|Any CPU
		{49D798FB-02C8-4F49-A9D5-8AF555166C0C}.Debug|Any CPU.Build.0 = Debug|Any CPU
		{49D798FB-02C8-4F49-A9D5-8AF555166C0C}.Release|Any CPU.ActiveCfg = Release|Any CPU
		{49D798FB-02C8-4F49-A9D5-8AF555166C0C}.Release|Any CPU.Build.0 = Release|Any CPU
	EndGlobalSection
	GlobalSection(SolutionProperties) = preSolution
		HideSolutionNode = FALSE
	EndGlobalSection
	GlobalSection(ExtensibilityGlobals) = postSolution
		SolutionGuid = {71CB9924-A185-4EAA-9C72-1B8D2F0BAD56}
	EndGlobalSection
EndGlobal
